
Microsoft Visual Studio Solution File, Format Version 12.00
# Visual Studio Version 16
VisualStudioVersion = 16.0.30011.22
MinimumVisualStudioVersion = 10.0.40219.1
Project("{9A19103F-16F7-4668-BE54-9A1E7A4F7556}") = "exeMission", "exeMission\exeMission.csproj", "{EF3324DA-1458-44DE-BAF1-9AD472D9800F}"
EndProject
Project("{2150E333-8FDC-42A3-9474-1A3956D46DE8}") = "0.root", "0.root", "{9D57F1F5-F31E-4DFF-9B73-BB7B6A88566C}"
	ProjectSection(SolutionItems) = preProject
		..\README.md = ..\README.md
	EndProjectSection
EndProject
Project("{2150E333-8FDC-42A3-9474-1A3956D46DE8}") = "1.UI", "1.UI", "{E4E421A4-938D-41CD-B053-4DBBE6495F5D}"
EndProject
Project("{2150E333-8FDC-42A3-9474-1A3956D46DE8}") = "2.engine", "2.engine", "{336C9973-FA8F-495E-B68F-3131DDC29CF3}"
EndProject
Project("{2150E333-8FDC-42A3-9474-1A3956D46DE8}") = "3.service", "3.service", "{592E4ACF-1802-4280-8829-AE81B2AB51F2}"
EndProject
Project("{2150E333-8FDC-42A3-9474-1A3956D46DE8}") = "4.model", "4.model", "{DE33332A-9113-4537-93A5-5B38548AEF7D}"
EndProject
Project("{2150E333-8FDC-42A3-9474-1A3956D46DE8}") = "6.common", "6.common", "{EBB780F5-0727-4BD2-93CC-DA52165719E6}"
EndProject
Project("{2150E333-8FDC-42A3-9474-1A3956D46DE8}") = "5.entity", "5.entity", "{C9E09E22-F4B8-4722-9B4F-F573D99B4C4C}"
EndProject
Project("{00D1A9C2-B5F0-4AF3-8072-F6C62B433612}") = "SASDdbPrj", "SASDdbPrj\SASDdbPrj.sqlproj", "{4217F133-9460-48F6-BB33-D146E48D4F5D}"
EndProject
Project("{FAE04EC0-301F-11D3-BF4B-00C04F79EFBC}") = "planAndTest", "planAndTest\planAndTest.csproj", "{D6615951-5ADB-4C89-93C2-CDDDC164E7F9}"
EndProject
Project("{FAE04EC0-301F-11D3-BF4B-00C04F79EFBC}") = "callMission.fwk", "callMission.fwk\callMission.fwk.csproj", "{70CE3CD9-3579-4273-BA7D-09EBCC1BB2BF}"
EndProject
Project("{FAE04EC0-301F-11D3-BF4B-00C04F79EFBC}") = "commonLib.fwk", "commonLib.fwk\commonLib.fwk.csproj", "{4762BDF0-9DF6-4908-8FA9-CF1F0E7F6067}"
EndProject
Project("{FAE04EC0-301F-11D3-BF4B-00C04F79EFBC}") = "SASDdb.entity.fwk", "SASDdb.entity.fwk\SASDdb.entity.fwk.csproj", "{4B2CA7FD-A140-437E-9A56-8DDE9281D82D}"
EndProject
Project("{FAE04EC0-301F-11D3-BF4B-00C04F79EFBC}") = "models.fwk", "models.fwk\models.fwk.csproj", "{A02FEE03-96DB-4A2F-A89D-8569689AA729}"
EndProject
Project("{FAE04EC0-301F-11D3-BF4B-00C04F79EFBC}") = "SASDdbService.fwk", "SASDdbService.fwk\SASDdbService.fwk.csproj", "{0F7C1243-5AD9-4358-8C1A-298963C12256}"
EndProject
Project("{FAE04EC0-301F-11D3-BF4B-00C04F79EFBC}") = "exeMission.fwk", "exeMission.fwk\exeMission.fwk.csproj", "{205D3FFB-DBF7-4403-A491-E7D34A2D70E8}"
EndProject
Project("{9A19103F-16F7-4668-BE54-9A1E7A4F7556}") = "SASDconstants", "SASDconstants\SASDconstants.csproj", "{B52E588A-0EDE-464F-BA7B-74E646FCD19A}"
EndProject
Project("{9A19103F-16F7-4668-BE54-9A1E7A4F7556}") = "planAndTest.web", "planAndTest.web\planAndTest.web.csproj", "{63E277B5-F6F5-42F1-98C4-E1648BAFF1ED}"
EndProject
Project("{FAE04EC0-301F-11D3-BF4B-00C04F79EFBC}") = "neuralNetworkLib", "neuralNetworkLib\neuralNetworkLib.csproj", "{B184A7ED-28C0-4252-BCD8-6F8539FEF727}"
EndProject
Global
	GlobalSection(SolutionConfigurationPlatforms) = preSolution
		Debug|Any CPU = Debug|Any CPU
		Release|Any CPU = Release|Any CPU
	EndGlobalSection
	GlobalSection(ProjectConfigurationPlatforms) = postSolution
		{EF3324DA-1458-44DE-BAF1-9AD472D9800F}.Debug|Any CPU.ActiveCfg = Debug|Any CPU
		{EF3324DA-1458-44DE-BAF1-9AD472D9800F}.Debug|Any CPU.Build.0 = Debug|Any CPU
		{EF3324DA-1458-44DE-BAF1-9AD472D9800F}.Release|Any CPU.ActiveCfg = Release|Any CPU
		{EF3324DA-1458-44DE-BAF1-9AD472D9800F}.Release|Any CPU.Build.0 = Release|Any CPU
		{4217F133-9460-48F6-BB33-D146E48D4F5D}.Debug|Any CPU.ActiveCfg = Debug|Any CPU
		{4217F133-9460-48F6-BB33-D146E48D4F5D}.Debug|Any CPU.Build.0 = Debug|Any CPU
		{4217F133-9460-48F6-BB33-D146E48D4F5D}.Debug|Any CPU.Deploy.0 = Debug|Any CPU
		{4217F133-9460-48F6-BB33-D146E48D4F5D}.Release|Any CPU.ActiveCfg = Release|Any CPU
		{4217F133-9460-48F6-BB33-D146E48D4F5D}.Release|Any CPU.Build.0 = Release|Any CPU
		{4217F133-9460-48F6-BB33-D146E48D4F5D}.Release|Any CPU.Deploy.0 = Release|Any CPU
		{D6615951-5ADB-4C89-93C2-CDDDC164E7F9}.Debug|Any CPU.ActiveCfg = Debug|Any CPU
		{D6615951-5ADB-4C89-93C2-CDDDC164E7F9}.Debug|Any CPU.Build.0 = Debug|Any CPU
		{D6615951-5ADB-4C89-93C2-CDDDC164E7F9}.Release|Any CPU.ActiveCfg = Release|Any CPU
		{D6615951-5ADB-4C89-93C2-CDDDC164E7F9}.Release|Any CPU.Build.0 = Release|Any CPU
		{70CE3CD9-3579-4273-BA7D-09EBCC1BB2BF}.Debug|Any CPU.ActiveCfg = Debug|Any CPU
		{70CE3CD9-3579-4273-BA7D-09EBCC1BB2BF}.Debug|Any CPU.Build.0 = Debug|Any CPU
		{70CE3CD9-3579-4273-BA7D-09EBCC1BB2BF}.Release|Any CPU.ActiveCfg = Release|Any CPU
		{70CE3CD9-3579-4273-BA7D-09EBCC1BB2BF}.Release|Any CPU.Build.0 = Release|Any CPU
		{4762BDF0-9DF6-4908-8FA9-CF1F0E7F6067}.Debug|Any CPU.ActiveCfg = Debug|Any CPU
		{4762BDF0-9DF6-4908-8FA9-CF1F0E7F6067}.Debug|Any CPU.Build.0 = Debug|Any CPU
		{4762BDF0-9DF6-4908-8FA9-CF1F0E7F6067}.Release|Any CPU.ActiveCfg = Release|Any CPU
		{4762BDF0-9DF6-4908-8FA9-CF1F0E7F6067}.Release|Any CPU.Build.0 = Release|Any CPU
		{4B2CA7FD-A140-437E-9A56-8DDE9281D82D}.Debug|Any CPU.ActiveCfg = Debug|Any CPU
		{4B2CA7FD-A140-437E-9A56-8DDE9281D82D}.Debug|Any CPU.Build.0 = Debug|Any CPU
		{4B2CA7FD-A140-437E-9A56-8DDE9281D82D}.Release|Any CPU.ActiveCfg = Release|Any CPU
		{4B2CA7FD-A140-437E-9A56-8DDE9281D82D}.Release|Any CPU.Build.0 = Release|Any CPU
		{A02FEE03-96DB-4A2F-A89D-8569689AA729}.Debug|Any CPU.ActiveCfg = Debug|Any CPU
		{A02FEE03-96DB-4A2F-A89D-8569689AA729}.Debug|Any CPU.Build.0 = Debug|Any CPU
		{A02FEE03-96DB-4A2F-A89D-8569689AA729}.Release|Any CPU.ActiveCfg = Release|Any CPU
		{A02FEE03-96DB-4A2F-A89D-8569689AA729}.Release|Any CPU.Build.0 = Release|Any CPU
		{0F7C1243-5AD9-4358-8C1A-298963C12256}.Debug|Any CPU.ActiveCfg = Debug|Any CPU
		{0F7C1243-5AD9-4358-8C1A-298963C12256}.Debug|Any CPU.Build.0 = Debug|Any CPU
		{0F7C1243-5AD9-4358-8C1A-298963C12256}.Release|Any CPU.ActiveCfg = Release|Any CPU
		{0F7C1243-5AD9-4358-8C1A-298963C12256}.Release|Any CPU.Build.0 = Release|Any CPU
		{205D3FFB-DBF7-4403-A491-E7D34A2D70E8}.Debug|Any CPU.ActiveCfg = Debug|Any CPU
		{205D3FFB-DBF7-4403-A491-E7D34A2D70E8}.Debug|Any CPU.Build.0 = Debug|Any CPU
		{205D3FFB-DBF7-4403-A491-E7D34A2D70E8}.Release|Any CPU.ActiveCfg = Release|Any CPU
		{205D3FFB-DBF7-4403-A491-E7D34A2D70E8}.Release|Any CPU.Build.0 = Release|Any CPU
		{B52E588A-0EDE-464F-BA7B-74E646FCD19A}.Debug|Any CPU.ActiveCfg = Debug|Any CPU
		{B52E588A-0EDE-464F-BA7B-74E646FCD19A}.Debug|Any CPU.Build.0 = Debug|Any CPU
		{B52E588A-0EDE-464F-BA7B-74E646FCD19A}.Release|Any CPU.ActiveCfg = Release|Any CPU
		{B52E588A-0EDE-464F-BA7B-74E646FCD19A}.Release|Any CPU.Build.0 = Release|Any CPU
		{63E277B5-F6F5-42F1-98C4-E1648BAFF1ED}.Debug|Any CPU.ActiveCfg = Debug|Any CPU
		{63E277B5-F6F5-42F1-98C4-E1648BAFF1ED}.Debug|Any CPU.Build.0 = Debug|Any CPU
		{63E277B5-F6F5-42F1-98C4-E1648BAFF1ED}.Release|Any CPU.ActiveCfg = Release|Any CPU
		{63E277B5-F6F5-42F1-98C4-E1648BAFF1ED}.Release|Any CPU.Build.0 = Release|Any CPU
		{B184A7ED-28C0-4252-BCD8-6F8539FEF727}.Debug|Any CPU.ActiveCfg = Debug|Any CPU
		{B184A7ED-28C0-4252-BCD8-6F8539FEF727}.Debug|Any CPU.Build.0 = Debug|Any CPU
		{B184A7ED-28C0-4252-BCD8-6F8539FEF727}.Release|Any CPU.ActiveCfg = Release|Any CPU
		{B184A7ED-28C0-4252-BCD8-6F8539FEF727}.Release|Any CPU.Build.0 = Release|Any CPU
	EndGlobalSection
	GlobalSection(SolutionProperties) = preSolution
		HideSolutionNode = FALSE
	EndGlobalSection
	GlobalSection(NestedProjects) = preSolution
		{EF3324DA-1458-44DE-BAF1-9AD472D9800F} = {336C9973-FA8F-495E-B68F-3131DDC29CF3}
		{4217F133-9460-48F6-BB33-D146E48D4F5D} = {C9E09E22-F4B8-4722-9B4F-F573D99B4C4C}
		{D6615951-5ADB-4C89-93C2-CDDDC164E7F9} = {E4E421A4-938D-41CD-B053-4DBBE6495F5D}
		{70CE3CD9-3579-4273-BA7D-09EBCC1BB2BF} = {592E4ACF-1802-4280-8829-AE81B2AB51F2}
		{4762BDF0-9DF6-4908-8FA9-CF1F0E7F6067} = {EBB780F5-0727-4BD2-93CC-DA52165719E6}
		{4B2CA7FD-A140-437E-9A56-8DDE9281D82D} = {C9E09E22-F4B8-4722-9B4F-F573D99B4C4C}
		{A02FEE03-96DB-4A2F-A89D-8569689AA729} = {DE33332A-9113-4537-93A5-5B38548AEF7D}
		{0F7C1243-5AD9-4358-8C1A-298963C12256} = {592E4ACF-1802-4280-8829-AE81B2AB51F2}
		{205D3FFB-DBF7-4403-A491-E7D34A2D70E8} = {336C9973-FA8F-495E-B68F-3131DDC29CF3}
		{B52E588A-0EDE-464F-BA7B-74E646FCD19A} = {C9E09E22-F4B8-4722-9B4F-F573D99B4C4C}
		{63E277B5-F6F5-42F1-98C4-E1648BAFF1ED} = {E4E421A4-938D-41CD-B053-4DBBE6495F5D}
		{B184A7ED-28C0-4252-BCD8-6F8539FEF727} = {EBB780F5-0727-4BD2-93CC-DA52165719E6}
	EndGlobalSection
	GlobalSection(ExtensibilityGlobals) = postSolution
		SolutionGuid = {FD1ABD13-4AD5-4B5E-A668-82B0034FA5EC}
	EndGlobalSection
EndGlobal
